// !$*UTF8*$!
{
	archiveVersion = 1;
	classes = {
	};
	objectVersion = 56;
	objects = {

/* Begin PBXBuildFile section */
		0B0184A82C76964100EACB5D /* A11yTrackerApp.swift in Sources */ = {isa = PBXBuildFile; fileRef = 0B0184A72C76964100EACB5D /* A11yTrackerApp.swift */; };
		0B0184AA2C76964100EACB5D /* ContentView.swift in Sources */ = {isa = PBXBuildFile; fileRef = 0B0184A92C76964100EACB5D /* ContentView.swift */; };
		0B0184AE2C76964700EACB5D /* Assets.xcassets in Resources */ = {isa = PBXBuildFile; fileRef = 0B0184AD2C76964700EACB5D /* Assets.xcassets */; };
		0B0184B22C76964700EACB5D /* Preview Assets.xcassets in Resources */ = {isa = PBXBuildFile; fileRef = 0B0184B12C76964700EACB5D /* Preview Assets.xcassets */; };
		0B0184BC2C76964800EACB5D /* A11yTrackerTests.swift in Sources */ = {isa = PBXBuildFile; fileRef = 0B0184BB2C76964800EACB5D /* A11yTrackerTests.swift */; };
		0B0184C62C76964800EACB5D /* A11yTrackerUITests.swift in Sources */ = {isa = PBXBuildFile; fileRef = 0B0184C52C76964800EACB5D /* A11yTrackerUITests.swift */; };
		0B0184C82C76964800EACB5D /* A11yTrackerUITestsLaunchTests.swift in Sources */ = {isa = PBXBuildFile; fileRef = 0B0184C72C76964800EACB5D /* A11yTrackerUITestsLaunchTests.swift */; };
		2124DF722C7B95DB00B99548 /* IssuesView.swift in Sources */ = {isa = PBXBuildFile; fileRef = 2124DF712C7B95DB00B99548 /* IssuesView.swift */; };
		2124DF742C7B972600B99548 /* SearchView.swift in Sources */ = {isa = PBXBuildFile; fileRef = 2124DF732C7B972600B99548 /* SearchView.swift */; };
		2124DF762C7B97DC00B99548 /* ProfileView.swift in Sources */ = {isa = PBXBuildFile; fileRef = 2124DF752C7B97DC00B99548 /* ProfileView.swift */; };
		2124DF782C7BF4D000B99548 /* RegisterView.swift in Sources */ = {isa = PBXBuildFile; fileRef = 2124DF772C7BF4D000B99548 /* RegisterView.swift */; };
		2124DF7C2C7BF68E00B99548 /* HttpClient.swift in Sources */ = {isa = PBXBuildFile; fileRef = 2124DF7B2C7BF68E00B99548 /* HttpClient.swift */; };
		2124DF7E2C7CBB4300B99548 /* LoginView.swift in Sources */ = {isa = PBXBuildFile; fileRef = 2124DF7D2C7CBB4300B99548 /* LoginView.swift */; };
		2124DF802C7CC13C00B99548 /* Issue.swift in Sources */ = {isa = PBXBuildFile; fileRef = 2124DF7F2C7CC13C00B99548 /* Issue.swift */; };
		2124DF832C7CC3DE00B99548 /* ComposerView.swift in Sources */ = {isa = PBXBuildFile; fileRef = 2124DF822C7CC3DE00B99548 /* ComposerView.swift */; };
		2124DF852C7CC4DC00B99548 /* A11yTrackerDataStore.swift in Sources */ = {isa = PBXBuildFile; fileRef = 2124DF842C7CC4DC00B99548 /* A11yTrackerDataStore.swift */; };
		2124DF872C7CC60300B99548 /* RegisterResponseDTO.swift in Sources */ = {isa = PBXBuildFile; fileRef = 2124DF862C7CC60300B99548 /* RegisterResponseDTO.swift */; };
		2124DF8A2C7CC67100B99548 /* Constants.swift in Sources */ = {isa = PBXBuildFile; fileRef = 2124DF892C7CC67100B99548 /* Constants.swift */; };
		2124DF8C2C7CC97500B99548 /* LoginResponseDTO.swift in Sources */ = {isa = PBXBuildFile; fileRef = 2124DF8B2C7CC97500B99548 /* LoginResponseDTO.swift */; };
/* End PBXBuildFile section */

/* Begin PBXContainerItemProxy section */
		0B0184B82C76964800EACB5D /* PBXContainerItemProxy */ = {
			isa = PBXContainerItemProxy;
			containerPortal = 0B01849C2C76964100EACB5D /* Project object */;
			proxyType = 1;
			remoteGlobalIDString = 0B0184A32C76964100EACB5D;
			remoteInfo = A11yTracker;
		};
		0B0184C22C76964800EACB5D /* PBXContainerItemProxy */ = {
			isa = PBXContainerItemProxy;
			containerPortal = 0B01849C2C76964100EACB5D /* Project object */;
			proxyType = 1;
			remoteGlobalIDString = 0B0184A32C76964100EACB5D;
			remoteInfo = A11yTracker;
		};
/* End PBXContainerItemProxy section */

/* Begin PBXFileReference section */
		0B0184A42C76964100EACB5D /* A11yTracker.app */ = {isa = PBXFileReference; explicitFileType = wrapper.application; includeInIndex = 0; path = A11yTracker.app; sourceTree = BUILT_PRODUCTS_DIR; };
		0B0184A72C76964100EACB5D /* A11yTrackerApp.swift */ = {isa = PBXFileReference; lastKnownFileType = sourcecode.swift; path = A11yTrackerApp.swift; sourceTree = "<group>"; };
		0B0184A92C76964100EACB5D /* ContentView.swift */ = {isa = PBXFileReference; lastKnownFileType = sourcecode.swift; path = ContentView.swift; sourceTree = "<group>"; };
		0B0184AD2C76964700EACB5D /* Assets.xcassets */ = {isa = PBXFileReference; lastKnownFileType = folder.assetcatalog; path = Assets.xcassets; sourceTree = "<group>"; };
		0B0184AF2C76964700EACB5D /* A11yTracker.entitlements */ = {isa = PBXFileReference; lastKnownFileType = text.plist.entitlements; path = A11yTracker.entitlements; sourceTree = "<group>"; };
		0B0184B12C76964700EACB5D /* Preview Assets.xcassets */ = {isa = PBXFileReference; lastKnownFileType = folder.assetcatalog; path = "Preview Assets.xcassets"; sourceTree = "<group>"; };
		0B0184B72C76964800EACB5D /* A11yTrackerTests.xctest */ = {isa = PBXFileReference; explicitFileType = wrapper.cfbundle; includeInIndex = 0; path = A11yTrackerTests.xctest; sourceTree = BUILT_PRODUCTS_DIR; };
		0B0184BB2C76964800EACB5D /* A11yTrackerTests.swift */ = {isa = PBXFileReference; lastKnownFileType = sourcecode.swift; path = A11yTrackerTests.swift; sourceTree = "<group>"; };
		0B0184C12C76964800EACB5D /* A11yTrackerUITests.xctest */ = {isa = PBXFileReference; explicitFileType = wrapper.cfbundle; includeInIndex = 0; path = A11yTrackerUITests.xctest; sourceTree = BUILT_PRODUCTS_DIR; };
		0B0184C52C76964800EACB5D /* A11yTrackerUITests.swift */ = {isa = PBXFileReference; lastKnownFileType = sourcecode.swift; path = A11yTrackerUITests.swift; sourceTree = "<group>"; };
		0B0184C72C76964800EACB5D /* A11yTrackerUITestsLaunchTests.swift */ = {isa = PBXFileReference; lastKnownFileType = sourcecode.swift; path = A11yTrackerUITestsLaunchTests.swift; sourceTree = "<group>"; };
		2124DF712C7B95DB00B99548 /* IssuesView.swift */ = {isa = PBXFileReference; lastKnownFileType = sourcecode.swift; path = IssuesView.swift; sourceTree = "<group>"; };
		2124DF732C7B972600B99548 /* SearchView.swift */ = {isa = PBXFileReference; lastKnownFileType = sourcecode.swift; path = SearchView.swift; sourceTree = "<group>"; };
		2124DF752C7B97DC00B99548 /* ProfileView.swift */ = {isa = PBXFileReference; lastKnownFileType = sourcecode.swift; path = ProfileView.swift; sourceTree = "<group>"; };
		2124DF772C7BF4D000B99548 /* RegisterView.swift */ = {isa = PBXFileReference; lastKnownFileType = sourcecode.swift; path = RegisterView.swift; sourceTree = "<group>"; };
		2124DF7B2C7BF68E00B99548 /* HttpClient.swift */ = {isa = PBXFileReference; lastKnownFileType = sourcecode.swift; path = HttpClient.swift; sourceTree = "<group>"; };
		2124DF7D2C7CBB4300B99548 /* LoginView.swift */ = {isa = PBXFileReference; lastKnownFileType = sourcecode.swift; path = LoginView.swift; sourceTree = "<group>"; };
		2124DF7F2C7CC13C00B99548 /* Issue.swift */ = {isa = PBXFileReference; lastKnownFileType = sourcecode.swift; path = Issue.swift; sourceTree = "<group>"; };
		2124DF822C7CC3DE00B99548 /* ComposerView.swift */ = {isa = PBXFileReference; lastKnownFileType = sourcecode.swift; path = ComposerView.swift; sourceTree = "<group>"; };
		2124DF842C7CC4DC00B99548 /* A11yTrackerDataStore.swift */ = {isa = PBXFileReference; lastKnownFileType = sourcecode.swift; path = A11yTrackerDataStore.swift; sourceTree = "<group>"; };
		2124DF862C7CC60300B99548 /* RegisterResponseDTO.swift */ = {isa = PBXFileReference; lastKnownFileType = sourcecode.swift; path = RegisterResponseDTO.swift; sourceTree = "<group>"; };
		2124DF892C7CC67100B99548 /* Constants.swift */ = {isa = PBXFileReference; lastKnownFileType = sourcecode.swift; path = Constants.swift; sourceTree = "<group>"; };
		2124DF8B2C7CC97500B99548 /* LoginResponseDTO.swift */ = {isa = PBXFileReference; lastKnownFileType = sourcecode.swift; path = LoginResponseDTO.swift; sourceTree = "<group>"; };
/* End PBXFileReference section */

/* Begin PBXFrameworksBuildPhase section */
		0B0184A12C76964100EACB5D /* Frameworks */ = {
			isa = PBXFrameworksBuildPhase;
			buildActionMask = 2147483647;
			files = (
			);
			runOnlyForDeploymentPostprocessing = 0;
		};
		0B0184B42C76964800EACB5D /* Frameworks */ = {
			isa = PBXFrameworksBuildPhase;
			buildActionMask = 2147483647;
			files = (
			);
			runOnlyForDeploymentPostprocessing = 0;
		};
		0B0184BE2C76964800EACB5D /* Frameworks */ = {
			isa = PBXFrameworksBuildPhase;
			buildActionMask = 2147483647;
			files = (
			);
			runOnlyForDeploymentPostprocessing = 0;
		};
/* End PBXFrameworksBuildPhase section */

/* Begin PBXGroup section */
		0B01849B2C76964100EACB5D = {
			isa = PBXGroup;
			children = (
				0B0184A62C76964100EACB5D /* A11yTracker */,
				0B0184BA2C76964800EACB5D /* A11yTrackerTests */,
				0B0184C42C76964800EACB5D /* A11yTrackerUITests */,
				0B0184A52C76964100EACB5D /* Products */,
			);
			sourceTree = "<group>";
		};
		0B0184A52C76964100EACB5D /* Products */ = {
			isa = PBXGroup;
			children = (
				0B0184A42C76964100EACB5D /* A11yTracker.app */,
				0B0184B72C76964800EACB5D /* A11yTrackerTests.xctest */,
				0B0184C12C76964800EACB5D /* A11yTrackerUITests.xctest */,
			);
			name = Products;
			sourceTree = "<group>";
		};
		0B0184A62C76964100EACB5D /* A11yTracker */ = {
			isa = PBXGroup;
			children = (
				0B0184A72C76964100EACB5D /* A11yTrackerApp.swift */,
				2124DF882C7CC66600B99548 /* Utils */,
				2124DF7A2C7BF63B00B99548 /* Managers */,
				2124DF792C7BF62900B99548 /* Screens */,
				2124DF812C7CC14700B99548 /* Models */,
				0B0184AD2C76964700EACB5D /* Assets.xcassets */,
				0B0184AF2C76964700EACB5D /* A11yTracker.entitlements */,
				0B0184B02C76964700EACB5D /* Preview Content */,
			);
			path = A11yTracker;
			sourceTree = "<group>";
		};
		0B0184B02C76964700EACB5D /* Preview Content */ = {
			isa = PBXGroup;
			children = (
				0B0184B12C76964700EACB5D /* Preview Assets.xcassets */,
			);
			path = "Preview Content";
			sourceTree = "<group>";
		};
		0B0184BA2C76964800EACB5D /* A11yTrackerTests */ = {
			isa = PBXGroup;
			children = (
				0B0184BB2C76964800EACB5D /* A11yTrackerTests.swift */,
			);
			path = A11yTrackerTests;
			sourceTree = "<group>";
		};
		0B0184C42C76964800EACB5D /* A11yTrackerUITests */ = {
			isa = PBXGroup;
			children = (
				0B0184C52C76964800EACB5D /* A11yTrackerUITests.swift */,
				0B0184C72C76964800EACB5D /* A11yTrackerUITestsLaunchTests.swift */,
			);
			path = A11yTrackerUITests;
			sourceTree = "<group>";
		};
		2124DF792C7BF62900B99548 /* Screens */ = {
			isa = PBXGroup;
			children = (
				0B0184A92C76964100EACB5D /* ContentView.swift */,
				2124DF712C7B95DB00B99548 /* IssuesView.swift */,
				2124DF732C7B972600B99548 /* SearchView.swift */,
				2124DF752C7B97DC00B99548 /* ProfileView.swift */,
				2124DF7D2C7CBB4300B99548 /* LoginView.swift */,
				2124DF772C7BF4D000B99548 /* RegisterView.swift */,
				2124DF822C7CC3DE00B99548 /* ComposerView.swift */,
			);
			path = Screens;
			sourceTree = "<group>";
		};
		2124DF7A2C7BF63B00B99548 /* Managers */ = {
			isa = PBXGroup;
			children = (
				2124DF7B2C7BF68E00B99548 /* HttpClient.swift */,
				2124DF842C7CC4DC00B99548 /* A11yTrackerDataStore.swift */,
			);
			path = Managers;
			sourceTree = "<group>";
		};
		2124DF812C7CC14700B99548 /* Models */ = {
			isa = PBXGroup;
			children = (
				2124DF7F2C7CC13C00B99548 /* Issue.swift */,
				2124DF862C7CC60300B99548 /* RegisterResponseDTO.swift */,
				2124DF8B2C7CC97500B99548 /* LoginResponseDTO.swift */,
			);
			path = Models;
			sourceTree = "<group>";
		};
		2124DF882C7CC66600B99548 /* Utils */ = {
			isa = PBXGroup;
			children = (
				2124DF892C7CC67100B99548 /* Constants.swift */,
			);
			path = Utils;
			sourceTree = "<group>";
		};
/* End PBXGroup section */

/* Begin PBXNativeTarget section */
		0B0184A32C76964100EACB5D /* A11yTracker */ = {
			isa = PBXNativeTarget;
			buildConfigurationList = 0B0184CB2C76964800EACB5D /* Build configuration list for PBXNativeTarget "A11yTracker" */;
			buildPhases = (
				0B0184A02C76964100EACB5D /* Sources */,
				0B0184A12C76964100EACB5D /* Frameworks */,
				0B0184A22C76964100EACB5D /* Resources */,
			);
			buildRules = (
			);
			dependencies = (
			);
			name = A11yTracker;
			productName = A11yTracker;
			productReference = 0B0184A42C76964100EACB5D /* A11yTracker.app */;
			productType = "com.apple.product-type.application";
		};
		0B0184B62C76964800EACB5D /* A11yTrackerTests */ = {
			isa = PBXNativeTarget;
			buildConfigurationList = 0B0184CE2C76964800EACB5D /* Build configuration list for PBXNativeTarget "A11yTrackerTests" */;
			buildPhases = (
				0B0184B32C76964800EACB5D /* Sources */,
				0B0184B42C76964800EACB5D /* Frameworks */,
				0B0184B52C76964800EACB5D /* Resources */,
			);
			buildRules = (
			);
			dependencies = (
				0B0184B92C76964800EACB5D /* PBXTargetDependency */,
			);
			name = A11yTrackerTests;
			productName = A11yTrackerTests;
			productReference = 0B0184B72C76964800EACB5D /* A11yTrackerTests.xctest */;
			productType = "com.apple.product-type.bundle.unit-test";
		};
		0B0184C02C76964800EACB5D /* A11yTrackerUITests */ = {
			isa = PBXNativeTarget;
			buildConfigurationList = 0B0184D12C76964800EACB5D /* Build configuration list for PBXNativeTarget "A11yTrackerUITests" */;
			buildPhases = (
				0B0184BD2C76964800EACB5D /* Sources */,
				0B0184BE2C76964800EACB5D /* Frameworks */,
				0B0184BF2C76964800EACB5D /* Resources */,
			);
			buildRules = (
			);
			dependencies = (
				0B0184C32C76964800EACB5D /* PBXTargetDependency */,
			);
			name = A11yTrackerUITests;
			productName = A11yTrackerUITests;
			productReference = 0B0184C12C76964800EACB5D /* A11yTrackerUITests.xctest */;
			productType = "com.apple.product-type.bundle.ui-testing";
		};
/* End PBXNativeTarget section */

/* Begin PBXProject section */
		0B01849C2C76964100EACB5D /* Project object */ = {
			isa = PBXProject;
			attributes = {
				BuildIndependentTargetsInParallel = 1;
				LastSwiftUpdateCheck = 1540;
				LastUpgradeCheck = 1540;
				TargetAttributes = {
					0B0184A32C76964100EACB5D = {
						CreatedOnToolsVersion = 15.4;
					};
					0B0184B62C76964800EACB5D = {
						CreatedOnToolsVersion = 15.4;
						TestTargetID = 0B0184A32C76964100EACB5D;
					};
					0B0184C02C76964800EACB5D = {
						CreatedOnToolsVersion = 15.4;
						TestTargetID = 0B0184A32C76964100EACB5D;
					};
				};
			};
			buildConfigurationList = 0B01849F2C76964100EACB5D /* Build configuration list for PBXProject "A11yTracker" */;
			compatibilityVersion = "Xcode 14.0";
			developmentRegion = en;
			hasScannedForEncodings = 0;
			knownRegions = (
				en,
				Base,
			);
			mainGroup = 0B01849B2C76964100EACB5D;
			productRefGroup = 0B0184A52C76964100EACB5D /* Products */;
			projectDirPath = "";
			projectRoot = "";
			targets = (
				0B0184A32C76964100EACB5D /* A11yTracker */,
				0B0184B62C76964800EACB5D /* A11yTrackerTests */,
				0B0184C02C76964800EACB5D /* A11yTrackerUITests */,
			);
		};
/* End PBXProject section */

/* Begin PBXResourcesBuildPhase section */
		0B0184A22C76964100EACB5D /* Resources */ = {
			isa = PBXResourcesBuildPhase;
			buildActionMask = 2147483647;
			files = (
				0B0184B22C76964700EACB5D /* Preview Assets.xcassets in Resources */,
				0B0184AE2C76964700EACB5D /* Assets.xcassets in Resources */,
			);
			runOnlyForDeploymentPostprocessing = 0;
		};
		0B0184B52C76964800EACB5D /* Resources */ = {
			isa = PBXResourcesBuildPhase;
			buildActionMask = 2147483647;
			files = (
			);
			runOnlyForDeploymentPostprocessing = 0;
		};
		0B0184BF2C76964800EACB5D /* Resources */ = {
			isa = PBXResourcesBuildPhase;
			buildActionMask = 2147483647;
			files = (
			);
			runOnlyForDeploymentPostprocessing = 0;
		};
/* End PBXResourcesBuildPhase section */

/* Begin PBXSourcesBuildPhase section */
		0B0184A02C76964100EACB5D /* Sources */ = {
			isa = PBXSourcesBuildPhase;
			buildActionMask = 2147483647;
			files = (
				2124DF832C7CC3DE00B99548 /* ComposerView.swift in Sources */,
				2124DF852C7CC4DC00B99548 /* A11yTrackerDataStore.swift in Sources */,
				2124DF742C7B972600B99548 /* SearchView.swift in Sources */,
				2124DF872C7CC60300B99548 /* RegisterResponseDTO.swift in Sources */,
				0B0184AA2C76964100EACB5D /* ContentView.swift in Sources */,
				2124DF7C2C7BF68E00B99548 /* HttpClient.swift in Sources */,
				2124DF7E2C7CBB4300B99548 /* LoginView.swift in Sources */,
				2124DF8A2C7CC67100B99548 /* Constants.swift in Sources */,
				2124DF782C7BF4D000B99548 /* RegisterView.swift in Sources */,
				0B0184A82C76964100EACB5D /* A11yTrackerApp.swift in Sources */,
				2124DF8C2C7CC97500B99548 /* LoginResponseDTO.swift in Sources */,
				2124DF762C7B97DC00B99548 /* ProfileView.swift in Sources */,
				2124DF722C7B95DB00B99548 /* IssuesView.swift in Sources */,
				2124DF802C7CC13C00B99548 /* Issue.swift in Sources */,
			);
			runOnlyForDeploymentPostprocessing = 0;
		};
		0B0184B32C76964800EACB5D /* Sources */ = {
			isa = PBXSourcesBuildPhase;
			buildActionMask = 2147483647;
			files = (
				0B0184BC2C76964800EACB5D /* A11yTrackerTests.swift in Sources */,
			);
			runOnlyForDeploymentPostprocessing = 0;
		};
		0B0184BD2C76964800EACB5D /* Sources */ = {
			isa = PBXSourcesBuildPhase;
			buildActionMask = 2147483647;
			files = (
				0B0184C62C76964800EACB5D /* A11yTrackerUITests.swift in Sources */,
				0B0184C82C76964800EACB5D /* A11yTrackerUITestsLaunchTests.swift in Sources */,
			);
			runOnlyForDeploymentPostprocessing = 0;
		};
/* End PBXSourcesBuildPhase section */

/* Begin PBXTargetDependency section */
		0B0184B92C76964800EACB5D /* PBXTargetDependency */ = {
			isa = PBXTargetDependency;
			target = 0B0184A32C76964100EACB5D /* A11yTracker */;
			targetProxy = 0B0184B82C76964800EACB5D /* PBXContainerItemProxy */;
		};
		0B0184C32C76964800EACB5D /* PBXTargetDependency */ = {
			isa = PBXTargetDependency;
			target = 0B0184A32C76964100EACB5D /* A11yTracker */;
			targetProxy = 0B0184C22C76964800EACB5D /* PBXContainerItemProxy */;
		};
/* End PBXTargetDependency section */

/* Begin XCBuildConfiguration section */
		0B0184C92C76964800EACB5D /* Debug */ = {
			isa = XCBuildConfiguration;
			buildSettings = {
				ALWAYS_SEARCH_USER_PATHS = NO;
				ASSETCATALOG_COMPILER_GENERATE_SWIFT_ASSET_SYMBOL_EXTENSIONS = YES;
				CLANG_ANALYZER_NONNULL = YES;
				CLANG_ANALYZER_NUMBER_OBJECT_CONVERSION = YES_AGGRESSIVE;
				CLANG_CXX_LANGUAGE_STANDARD = "gnu++20";
				CLANG_ENABLE_MODULES = YES;
				CLANG_ENABLE_OBJC_ARC = YES;
				CLANG_ENABLE_OBJC_WEAK = YES;
				CLANG_WARN_BLOCK_CAPTURE_AUTORELEASING = YES;
				CLANG_WARN_BOOL_CONVERSION = YES;
				CLANG_WARN_COMMA = YES;
				CLANG_WARN_CONSTANT_CONVERSION = YES;
				CLANG_WARN_DEPRECATED_OBJC_IMPLEMENTATIONS = YES;
				CLANG_WARN_DIRECT_OBJC_ISA_USAGE = YES_ERROR;
				CLANG_WARN_DOCUMENTATION_COMMENTS = YES;
				CLANG_WARN_EMPTY_BODY = YES;
				CLANG_WARN_ENUM_CONVERSION = YES;
				CLANG_WARN_INFINITE_RECURSION = YES;
				CLANG_WARN_INT_CONVERSION = YES;
				CLANG_WARN_NON_LITERAL_NULL_CONVERSION = YES;
				CLANG_WARN_OBJC_IMPLICIT_RETAIN_SELF = YES;
				CLANG_WARN_OBJC_LITERAL_CONVERSION = YES;
				CLANG_WARN_OBJC_ROOT_CLASS = YES_ERROR;
				CLANG_WARN_QUOTED_INCLUDE_IN_FRAMEWORK_HEADER = YES;
				CLANG_WARN_RANGE_LOOP_ANALYSIS = YES;
				CLANG_WARN_STRICT_PROTOTYPES = YES;
				CLANG_WARN_SUSPICIOUS_MOVE = YES;
				CLANG_WARN_UNGUARDED_AVAILABILITY = YES_AGGRESSIVE;
				CLANG_WARN_UNREACHABLE_CODE = YES;
				CLANG_WARN__DUPLICATE_METHOD_MATCH = YES;
				COPY_PHASE_STRIP = NO;
				DEBUG_INFORMATION_FORMAT = dwarf;
				ENABLE_STRICT_OBJC_MSGSEND = YES;
				ENABLE_TESTABILITY = YES;
				ENABLE_USER_SCRIPT_SANDBOXING = YES;
				GCC_C_LANGUAGE_STANDARD = gnu17;
				GCC_DYNAMIC_NO_PIC = NO;
				GCC_NO_COMMON_BLOCKS = YES;
				GCC_OPTIMIZATION_LEVEL = 0;
				GCC_PREPROCESSOR_DEFINITIONS = (
					"DEBUG=1",
					"$(inherited)",
				);
				GCC_WARN_64_TO_32_BIT_CONVERSION = YES;
				GCC_WARN_ABOUT_RETURN_TYPE = YES_ERROR;
				GCC_WARN_UNDECLARED_SELECTOR = YES;
				GCC_WARN_UNINITIALIZED_AUTOS = YES_AGGRESSIVE;
				GCC_WARN_UNUSED_FUNCTION = YES;
				GCC_WARN_UNUSED_VARIABLE = YES;
				LOCALIZATION_PREFERS_STRING_CATALOGS = YES;
				MTL_ENABLE_DEBUG_INFO = INCLUDE_SOURCE;
				MTL_FAST_MATH = YES;
				ONLY_ACTIVE_ARCH = YES;
				SWIFT_ACTIVE_COMPILATION_CONDITIONS = "DEBUG $(inherited)";
				SWIFT_OPTIMIZATION_LEVEL = "-Onone";
			};
			name = Debug;
		};
		0B0184CA2C76964800EACB5D /* Release */ = {
			isa = XCBuildConfiguration;
			buildSettings = {
				ALWAYS_SEARCH_USER_PATHS = NO;
				ASSETCATALOG_COMPILER_GENERATE_SWIFT_ASSET_SYMBOL_EXTENSIONS = YES;
				CLANG_ANALYZER_NONNULL = YES;
				CLANG_ANALYZER_NUMBER_OBJECT_CONVERSION = YES_AGGRESSIVE;
				CLANG_CXX_LANGUAGE_STANDARD = "gnu++20";
				CLANG_ENABLE_MODULES = YES;
				CLANG_ENABLE_OBJC_ARC = YES;
				CLANG_ENABLE_OBJC_WEAK = YES;
				CLANG_WARN_BLOCK_CAPTURE_AUTORELEASING = YES;
				CLANG_WARN_BOOL_CONVERSION = YES;
				CLANG_WARN_COMMA = YES;
				CLANG_WARN_CONSTANT_CONVERSION = YES;
				CLANG_WARN_DEPRECATED_OBJC_IMPLEMENTATIONS = YES;
				CLANG_WARN_DIRECT_OBJC_ISA_USAGE = YES_ERROR;
				CLANG_WARN_DOCUMENTATION_COMMENTS = YES;
				CLANG_WARN_EMPTY_BODY = YES;
				CLANG_WARN_ENUM_CONVERSION = YES;
				CLANG_WARN_INFINITE_RECURSION = YES;
				CLANG_WARN_INT_CONVERSION = YES;
				CLANG_WARN_NON_LITERAL_NULL_CONVERSION = YES;
				CLANG_WARN_OBJC_IMPLICIT_RETAIN_SELF = YES;
				CLANG_WARN_OBJC_LITERAL_CONVERSION = YES;
				CLANG_WARN_OBJC_ROOT_CLASS = YES_ERROR;
				CLANG_WARN_QUOTED_INCLUDE_IN_FRAMEWORK_HEADER = YES;
				CLANG_WARN_RANGE_LOOP_ANALYSIS = YES;
				CLANG_WARN_STRICT_PROTOTYPES = YES;
				CLANG_WARN_SUSPICIOUS_MOVE = YES;
				CLANG_WARN_UNGUARDED_AVAILABILITY = YES_AGGRESSIVE;
				CLANG_WARN_UNREACHABLE_CODE = YES;
				CLANG_WARN__DUPLICATE_METHOD_MATCH = YES;
				COPY_PHASE_STRIP = NO;
				DEBUG_INFORMATION_FORMAT = "dwarf-with-dsym";
				ENABLE_NS_ASSERTIONS = NO;
				ENABLE_STRICT_OBJC_MSGSEND = YES;
				ENABLE_USER_SCRIPT_SANDBOXING = YES;
				GCC_C_LANGUAGE_STANDARD = gnu17;
				GCC_NO_COMMON_BLOCKS = YES;
				GCC_WARN_64_TO_32_BIT_CONVERSION = YES;
				GCC_WARN_ABOUT_RETURN_TYPE = YES_ERROR;
				GCC_WARN_UNDECLARED_SELECTOR = YES;
				GCC_WARN_UNINITIALIZED_AUTOS = YES_AGGRESSIVE;
				GCC_WARN_UNUSED_FUNCTION = YES;
				GCC_WARN_UNUSED_VARIABLE = YES;
				LOCALIZATION_PREFERS_STRING_CATALOGS = YES;
				MTL_ENABLE_DEBUG_INFO = NO;
				MTL_FAST_MATH = YES;
				SWIFT_COMPILATION_MODE = wholemodule;
			};
			name = Release;
		};
		0B0184CC2C76964800EACB5D /* Debug */ = {
			isa = XCBuildConfiguration;
			buildSettings = {
				ASSETCATALOG_COMPILER_APPICON_NAME = AppIcon;
				ASSETCATALOG_COMPILER_GLOBAL_ACCENT_COLOR_NAME = AccentColor;
				CODE_SIGN_ENTITLEMENTS = A11yTracker/A11yTracker.entitlements;
				CODE_SIGN_STYLE = Automatic;
				CURRENT_PROJECT_VERSION = 1;
				DEVELOPMENT_ASSET_PATHS = "\"A11yTracker/Preview Content\"";
				DEVELOPMENT_TEAM = "";
				ENABLE_HARDENED_RUNTIME = YES;
				ENABLE_PREVIEWS = YES;
				GENERATE_INFOPLIST_FILE = YES;
				"INFOPLIST_KEY_UIApplicationSceneManifest_Generation[sdk=iphoneos*]" = YES;
				"INFOPLIST_KEY_UIApplicationSceneManifest_Generation[sdk=iphonesimulator*]" = YES;
				"INFOPLIST_KEY_UIApplicationSupportsIndirectInputEvents[sdk=iphoneos*]" = YES;
				"INFOPLIST_KEY_UIApplicationSupportsIndirectInputEvents[sdk=iphonesimulator*]" = YES;
				"INFOPLIST_KEY_UILaunchScreen_Generation[sdk=iphoneos*]" = YES;
				"INFOPLIST_KEY_UILaunchScreen_Generation[sdk=iphonesimulator*]" = YES;
				"INFOPLIST_KEY_UIStatusBarStyle[sdk=iphoneos*]" = UIStatusBarStyleDefault;
				"INFOPLIST_KEY_UIStatusBarStyle[sdk=iphonesimulator*]" = UIStatusBarStyleDefault;
				INFOPLIST_KEY_UISupportedInterfaceOrientations_iPad = "UIInterfaceOrientationPortrait UIInterfaceOrientationPortraitUpsideDown UIInterfaceOrientationLandscapeLeft UIInterfaceOrientationLandscapeRight";
				INFOPLIST_KEY_UISupportedInterfaceOrientations_iPhone = "UIInterfaceOrientationPortrait UIInterfaceOrientationLandscapeLeft UIInterfaceOrientationLandscapeRight";
				IPHONEOS_DEPLOYMENT_TARGET = 17.5;
				LD_RUNPATH_SEARCH_PATHS = "@executable_path/Frameworks";
				"LD_RUNPATH_SEARCH_PATHS[sdk=macosx*]" = "@executable_path/../Frameworks";
				MACOSX_DEPLOYMENT_TARGET = 14.0;
				MARKETING_VERSION = 1.0;
				PRODUCT_BUNDLE_IDENTIFIER = com.accessibilityUpTo11.A11yTracker;
				PRODUCT_NAME = "$(TARGET_NAME)";
				SDKROOT = auto;
				SUPPORTED_PLATFORMS = "iphoneos iphonesimulator macosx";
				SWIFT_EMIT_LOC_STRINGS = YES;
				SWIFT_VERSION = 5.0;
				TARGETED_DEVICE_FAMILY = "1,2";
			};
			name = Debug;
		};
		0B0184CD2C76964800EACB5D /* Release */ = {
			isa = XCBuildConfiguration;
			buildSettings = {
				ASSETCATALOG_COMPILER_APPICON_NAME = AppIcon;
				ASSETCATALOG_COMPILER_GLOBAL_ACCENT_COLOR_NAME = AccentColor;
				CODE_SIGN_ENTITLEMENTS = A11yTracker/A11yTracker.entitlements;
				CODE_SIGN_STYLE = Automatic;
				CURRENT_PROJECT_VERSION = 1;
				DEVELOPMENT_ASSET_PATHS = "\"A11yTracker/Preview Content\"";
				DEVELOPMENT_TEAM = "";
				ENABLE_HARDENED_RUNTIME = YES;
				ENABLE_PREVIEWS = YES;
				GENERATE_INFOPLIST_FILE = YES;
				"INFOPLIST_KEY_UIApplicationSceneManifest_Generation[sdk=iphoneos*]" = YES;
				"INFOPLIST_KEY_UIApplicationSceneManifest_Generation[sdk=iphonesimulator*]" = YES;
				"INFOPLIST_KEY_UIApplicationSupportsIndirectInputEvents[sdk=iphoneos*]" = YES;
				"INFOPLIST_KEY_UIApplicationSupportsIndirectInputEvents[sdk=iphonesimulator*]" = YES;
				"INFOPLIST_KEY_UILaunchScreen_Generation[sdk=iphoneos*]" = YES;
				"INFOPLIST_KEY_UILaunchScreen_Generation[sdk=iphonesimulator*]" = YES;
				"INFOPLIST_KEY_UIStatusBarStyle[sdk=iphoneos*]" = UIStatusBarStyleDefault;
				"INFOPLIST_KEY_UIStatusBarStyle[sdk=iphonesimulator*]" = UIStatusBarStyleDefault;
				INFOPLIST_KEY_UISupportedInterfaceOrientations_iPad = "UIInterfaceOrientationPortrait UIInterfaceOrientationPortraitUpsideDown UIInterfaceOrientationLandscapeLeft UIInterfaceOrientationLandscapeRight";
				INFOPLIST_KEY_UISupportedInterfaceOrientations_iPhone = "UIInterfaceOrientationPortrait UIInterfaceOrientationLandscapeLeft UIInterfaceOrientationLandscapeRight";
				IPHONEOS_DEPLOYMENT_TARGET = 17.5;
				LD_RUNPATH_SEARCH_PATHS = "@executable_path/Frameworks";
				"LD_RUNPATH_SEARCH_PATHS[sdk=macosx*]" = "@executable_path/../Frameworks";
				MACOSX_DEPLOYMENT_TARGET = 14.0;
				MARKETING_VERSION = 1.0;
				PRODUCT_BUNDLE_IDENTIFIER = com.accessibilityUpTo11.A11yTracker;
				PRODUCT_NAME = "$(TARGET_NAME)";
				SDKROOT = auto;
				SUPPORTED_PLATFORMS = "iphoneos iphonesimulator macosx";
				SWIFT_EMIT_LOC_STRINGS = YES;
				SWIFT_VERSION = 5.0;
				TARGETED_DEVICE_FAMILY = "1,2";
			};
			name = Release;
		};
		0B0184CF2C76964800EACB5D /* Debug */ = {
			isa = XCBuildConfiguration;
			buildSettings = {
				ALWAYS_EMBED_SWIFT_STANDARD_LIBRARIES = YES;
				BUNDLE_LOADER = "$(TEST_HOST)";
				CODE_SIGN_STYLE = Automatic;
				CURRENT_PROJECT_VERSION = 1;
				DEVELOPMENT_TEAM = K977UXC69X;
				GENERATE_INFOPLIST_FILE = YES;
				IPHONEOS_DEPLOYMENT_TARGET = 17.5;
				MACOSX_DEPLOYMENT_TARGET = 14.5;
				MARKETING_VERSION = 1.0;
				PRODUCT_BUNDLE_IDENTIFIER = com.accessibilityUpTo11.A11yTrackerTests;
				PRODUCT_NAME = "$(TARGET_NAME)";
				SDKROOT = auto;
				SUPPORTED_PLATFORMS = "iphoneos iphonesimulator macosx";
				SWIFT_EMIT_LOC_STRINGS = NO;
				SWIFT_VERSION = 5.0;
				TARGETED_DEVICE_FAMILY = "1,2";
				TEST_HOST = "$(BUILT_PRODUCTS_DIR)/A11yTracker.app/$(BUNDLE_EXECUTABLE_FOLDER_PATH)/A11yTracker";
			};
			name = Debug;
		};
		0B0184D02C76964800EACB5D /* Release */ = {
			isa = XCBuildConfiguration;
			buildSettings = {
				ALWAYS_EMBED_SWIFT_STANDARD_LIBRARIES = YES;
				BUNDLE_LOADER = "$(TEST_HOST)";
				CODE_SIGN_STYLE = Automatic;
				CURRENT_PROJECT_VERSION = 1;
				DEVELOPMENT_TEAM = K977UXC69X;
				GENERATE_INFOPLIST_FILE = YES;
				IPHONEOS_DEPLOYMENT_TARGET = 17.5;
				MACOSX_DEPLOYMENT_TARGET = 14.5;
				MARKETING_VERSION = 1.0;
				PRODUCT_BUNDLE_IDENTIFIER = com.accessibilityUpTo11.A11yTrackerTests;
				PRODUCT_NAME = "$(TARGET_NAME)";
				SDKROOT = auto;
				SUPPORTED_PLATFORMS = "iphoneos iphonesimulator macosx";
				SWIFT_EMIT_LOC_STRINGS = NO;
				SWIFT_VERSION = 5.0;
				TARGETED_DEVICE_FAMILY = "1,2";
				TEST_HOST = "$(BUILT_PRODUCTS_DIR)/A11yTracker.app/$(BUNDLE_EXECUTABLE_FOLDER_PATH)/A11yTracker";
			};
			name = Release;
		};
		0B0184D22C76964800EACB5D /* Debug */ = {
			isa = XCBuildConfiguration;
			buildSettings = {
				ALWAYS_EMBED_SWIFT_STANDARD_LIBRARIES = YES;
				CODE_SIGN_STYLE = Automatic;
				CURRENT_PROJECT_VERSION = 1;
				DEVELOPMENT_TEAM = K977UXC69X;
				GENERATE_INFOPLIST_FILE = YES;
				IPHONEOS_DEPLOYMENT_TARGET = 17.5;
				MACOSX_DEPLOYMENT_TARGET = 14.5;
				MARKETING_VERSION = 1.0;
				PRODUCT_BUNDLE_IDENTIFIER = com.accessibilityUpTo11.A11yTrackerUITests;
				PRODUCT_NAME = "$(TARGET_NAME)";
				SDKROOT = auto;
				SUPPORTED_PLATFORMS = "iphoneos iphonesimulator macosx";
				SWIFT_EMIT_LOC_STRINGS = NO;
				SWIFT_VERSION = 5.0;
				TARGETED_DEVICE_FAMILY = "1,2";
				TEST_TARGET_NAME = A11yTracker;
			};
			name = Debug;
		};
		0B0184D32C76964800EACB5D /* Release */ = {
			isa = XCBuildConfiguration;
			buildSettings = {
				ALWAYS_EMBED_SWIFT_STANDARD_LIBRARIES = YES;
				CODE_SIGN_STYLE = Automatic;
				CURRENT_PROJECT_VERSION = 1;
				DEVELOPMENT_TEAM = K977UXC69X;
				GENERATE_INFOPLIST_FILE = YES;
				IPHONEOS_DEPLOYMENT_TARGET = 17.5;
				MACOSX_DEPLOYMENT_TARGET = 14.5;
				MARKETING_VERSION = 1.0;
				PRODUCT_BUNDLE_IDENTIFIER = com.accessibilityUpTo11.A11yTrackerUITests;
				PRODUCT_NAME = "$(TARGET_NAME)";
				SDKROOT = auto;
				SUPPORTED_PLATFORMS = "iphoneos iphonesimulator macosx";
				SWIFT_EMIT_LOC_STRINGS = NO;
				SWIFT_VERSION = 5.0;
				TARGETED_DEVICE_FAMILY = "1,2";
				TEST_TARGET_NAME = A11yTracker;
			};
			name = Release;
		};
/* End XCBuildConfiguration section */

/* Begin XCConfigurationList section */
		0B01849F2C76964100EACB5D /* Build configuration list for PBXProject "A11yTracker" */ = {
			isa = XCConfigurationList;
			buildConfigurations = (
				0B0184C92C76964800EACB5D /* Debug */,
				0B0184CA2C76964800EACB5D /* Release */,
			);
			defaultConfigurationIsVisible = 0;
			defaultConfigurationName = Release;
		};
		0B0184CB2C76964800EACB5D /* Build configuration list for PBXNativeTarget "A11yTracker" */ = {
			isa = XCConfigurationList;
			buildConfigurations = (
				0B0184CC2C76964800EACB5D /* Debug */,
				0B0184CD2C76964800EACB5D /* Release */,
			);
			defaultConfigurationIsVisible = 0;
			defaultConfigurationName = Release;
		};
		0B0184CE2C76964800EACB5D /* Build configuration list for PBXNativeTarget "A11yTrackerTests" */ = {
			isa = XCConfigurationList;
			buildConfigurations = (
				0B0184CF2C76964800EACB5D /* Debug */,
				0B0184D02C76964800EACB5D /* Release */,
			);
			defaultConfigurationIsVisible = 0;
			defaultConfigurationName = Release;
		};
		0B0184D12C76964800EACB5D /* Build configuration list for PBXNativeTarget "A11yTrackerUITests" */ = {
			isa = XCConfigurationList;
			buildConfigurations = (
				0B0184D22C76964800EACB5D /* Debug */,
				0B0184D32C76964800EACB5D /* Release */,
			);
			defaultConfigurationIsVisible = 0;
			defaultConfigurationName = Release;
		};
/* End XCConfigurationList section */
	};
	rootObject = 0B01849C2C76964100EACB5D /* Project object */;
}
